
Microsoft Visual Studio Solution File, Format Version 12.00
# Visual Studio 15
VisualStudioVersion = 15.0.28010.2003
MinimumVisualStudioVersion = 10.0.40219.1
Project("{FAE04EC0-301F-11D3-BF4B-00C04F79EFBC}") = "MoonBurst.Client", "MoonBurst.Client\MoonBurst.Client.csproj", "{D5B95797-BD1B-4388-8D94-F61497A414B5}"
EndProject
Project("{8BC9CEB8-8B4A-11D0-8D11-00A0C91BC942}") = "MoonBurst.Firmware", "MoonBurst.Firmware\FeederFirmware.vcxproj", "{C5F80730-F44F-4478-BDAE-6634EFC2CA88}"
EndProject
Project("{FAE04EC0-301F-11D3-BF4B-00C04F79EFBC}") = "MoonBurst.Vst", "MoonBurst.Vst\MoonBurst.Vst.csproj", "{F15C2ECA-5BA3-46FD-A5E3-997737FF1715}"
EndProject
Project("{FAE04EC0-301F-11D3-BF4B-00C04F79EFBC}") = "MoonBurst.Test", "MoonBurst.Test\MoonBurst.Test.csproj", "{0BC7C2DA-FCAF-4CE4-9061-2D5F7A63A75A}"
EndProject
Project("{FAE04EC0-301F-11D3-BF4B-00C04F79EFBC}") = "MoonBurst.Core", "MoonBurst.Core\MoonBurst.Core.csproj", "{7781E238-1B16-41E4-85CB-BD35748905D2}"
EndProject
Project("{FAE04EC0-301F-11D3-BF4B-00C04F79EFBC}") = "MoonBurst.Api", "MoonBurst.Api\MoonBurst.Api.csproj", "{AC03D1C3-F830-4831-9660-147EC9A7C196}"
EndProject
Project("{FAE04EC0-301F-11D3-BF4B-00C04F79EFBC}") = "MoonBurst.Parser.Fs3X", "MoonBurst.Parser.Fs3X\MoonBurst.Parser.Fs3X.csproj", "{9C64EEEC-1DFB-4512-837D-33150D62F148}"
EndProject
Project("{FAE04EC0-301F-11D3-BF4B-00C04F79EFBC}") = "MoonBurst.Standalone", "MoonBurst.Standalone\MoonBurst.Standalone.csproj", "{9CBD8A7E-35F2-4C88-ABA8-498134EEA71E}"
EndProject
Project("{2150E333-8FDC-42A3-9474-1A3956D46DE8}") = "Internals", "Internals", "{4794DB5B-46A1-4855-847E-6DD107E5CC1F}"
EndProject
Project("{2150E333-8FDC-42A3-9474-1A3956D46DE8}") = "Parsers", "Parsers", "{9058D0C1-6FF1-4B4F-A0D8-A79363B02C3E}"
EndProject
Project("{2150E333-8FDC-42A3-9474-1A3956D46DE8}") = "Clients", "Clients", "{46E533CC-6929-4840-856E-ACD06A323131}"
EndProject
Global
	GlobalSection(SolutionConfigurationPlatforms) = preSolution
		Debug|Any CPU = Debug|Any CPU
		Debug|x64 = Debug|x64
		Debug|x86 = Debug|x86
		Firmware|Any CPU = Firmware|Any CPU
		Firmware|x64 = Firmware|x64
		Firmware|x86 = Firmware|x86
		Release|Any CPU = Release|Any CPU
		Release|x64 = Release|x64
		Release|x86 = Release|x86
	EndGlobalSection
	GlobalSection(ProjectConfigurationPlatforms) = postSolution
		{D5B95797-BD1B-4388-8D94-F61497A414B5}.Debug|Any CPU.ActiveCfg = Debug|Any CPU
		{D5B95797-BD1B-4388-8D94-F61497A414B5}.Debug|Any CPU.Build.0 = Debug|Any CPU
		{D5B95797-BD1B-4388-8D94-F61497A414B5}.Debug|x64.ActiveCfg = Debug|Any CPU
		{D5B95797-BD1B-4388-8D94-F61497A414B5}.Debug|x64.Build.0 = Debug|Any CPU
		{D5B95797-BD1B-4388-8D94-F61497A414B5}.Debug|x86.ActiveCfg = Debug|Any CPU
		{D5B95797-BD1B-4388-8D94-F61497A414B5}.Debug|x86.Build.0 = Debug|Any CPU
		{D5B95797-BD1B-4388-8D94-F61497A414B5}.Firmware|Any CPU.ActiveCfg = Firmware|Any CPU
		{D5B95797-BD1B-4388-8D94-F61497A414B5}.Firmware|Any CPU.Build.0 = Firmware|Any CPU
		{D5B95797-BD1B-4388-8D94-F61497A414B5}.Firmware|x64.ActiveCfg = Firmware|x64
		{D5B95797-BD1B-4388-8D94-F61497A414B5}.Firmware|x64.Build.0 = Firmware|x64
		{D5B95797-BD1B-4388-8D94-F61497A414B5}.Firmware|x86.ActiveCfg = Firmware|Any CPU
		{D5B95797-BD1B-4388-8D94-F61497A414B5}.Release|Any CPU.ActiveCfg = Release|Any CPU
		{D5B95797-BD1B-4388-8D94-F61497A414B5}.Release|Any CPU.Build.0 = Release|Any CPU
		{D5B95797-BD1B-4388-8D94-F61497A414B5}.Release|x64.ActiveCfg = Release|x64
		{D5B95797-BD1B-4388-8D94-F61497A414B5}.Release|x64.Build.0 = Release|x64
		{D5B95797-BD1B-4388-8D94-F61497A414B5}.Release|x86.ActiveCfg = Release|Any CPU
		{D5B95797-BD1B-4388-8D94-F61497A414B5}.Release|x86.Build.0 = Release|Any CPU
		{C5F80730-F44F-4478-BDAE-6634EFC2CA88}.Debug|Any CPU.ActiveCfg = Debug|Win32
		{C5F80730-F44F-4478-BDAE-6634EFC2CA88}.Debug|x64.ActiveCfg = Debug|Win32
		{C5F80730-F44F-4478-BDAE-6634EFC2CA88}.Debug|x86.ActiveCfg = Debug|Win32
		{C5F80730-F44F-4478-BDAE-6634EFC2CA88}.Firmware|Any CPU.ActiveCfg = Firmware|Win32
		{C5F80730-F44F-4478-BDAE-6634EFC2CA88}.Firmware|x64.ActiveCfg = Firmware|x64
		{C5F80730-F44F-4478-BDAE-6634EFC2CA88}.Firmware|x64.Build.0 = Firmware|x64
		{C5F80730-F44F-4478-BDAE-6634EFC2CA88}.Firmware|x86.ActiveCfg = Firmware|Win32
		{C5F80730-F44F-4478-BDAE-6634EFC2CA88}.Firmware|x86.Build.0 = Firmware|Win32
		{C5F80730-F44F-4478-BDAE-6634EFC2CA88}.Release|Any CPU.ActiveCfg = Release|Win32
		{C5F80730-F44F-4478-BDAE-6634EFC2CA88}.Release|x64.ActiveCfg = Release|Win32
		{C5F80730-F44F-4478-BDAE-6634EFC2CA88}.Release|x86.ActiveCfg = Release|x64
		{F15C2ECA-5BA3-46FD-A5E3-997737FF1715}.Debug|Any CPU.ActiveCfg = Debug|Any CPU
		{F15C2ECA-5BA3-46FD-A5E3-997737FF1715}.Debug|Any CPU.Build.0 = Debug|Any CPU
		{F15C2ECA-5BA3-46FD-A5E3-997737FF1715}.Debug|x64.ActiveCfg = Debug|x64
		{F15C2ECA-5BA3-46FD-A5E3-997737FF1715}.Debug|x64.Build.0 = Debug|x64
		{F15C2ECA-5BA3-46FD-A5E3-997737FF1715}.Debug|x86.ActiveCfg = Debug|x86
		{F15C2ECA-5BA3-46FD-A5E3-997737FF1715}.Debug|x86.Build.0 = Debug|x86
		{F15C2ECA-5BA3-46FD-A5E3-997737FF1715}.Firmware|Any CPU.ActiveCfg = Firmware|Any CPU
		{F15C2ECA-5BA3-46FD-A5E3-997737FF1715}.Firmware|Any CPU.Build.0 = Firmware|Any CPU
		{F15C2ECA-5BA3-46FD-A5E3-997737FF1715}.Firmware|x64.ActiveCfg = Firmware|x64
		{F15C2ECA-5BA3-46FD-A5E3-997737FF1715}.Firmware|x64.Build.0 = Firmware|x64
		{F15C2ECA-5BA3-46FD-A5E3-997737FF1715}.Firmware|x86.ActiveCfg = Firmware|x86
		{F15C2ECA-5BA3-46FD-A5E3-997737FF1715}.Release|Any CPU.ActiveCfg = Release|Any CPU
		{F15C2ECA-5BA3-46FD-A5E3-997737FF1715}.Release|Any CPU.Build.0 = Release|Any CPU
		{F15C2ECA-5BA3-46FD-A5E3-997737FF1715}.Release|x64.ActiveCfg = Release|x64
		{F15C2ECA-5BA3-46FD-A5E3-997737FF1715}.Release|x64.Build.0 = Release|x64
		{F15C2ECA-5BA3-46FD-A5E3-997737FF1715}.Release|x86.ActiveCfg = Release|x86
		{F15C2ECA-5BA3-46FD-A5E3-997737FF1715}.Release|x86.Build.0 = Release|x86
		{0BC7C2DA-FCAF-4CE4-9061-2D5F7A63A75A}.Debug|Any CPU.ActiveCfg = Debug|Any CPU
		{0BC7C2DA-FCAF-4CE4-9061-2D5F7A63A75A}.Debug|Any CPU.Build.0 = Debug|Any CPU
		{0BC7C2DA-FCAF-4CE4-9061-2D5F7A63A75A}.Debug|x64.ActiveCfg = Debug|Any CPU
		{0BC7C2DA-FCAF-4CE4-9061-2D5F7A63A75A}.Debug|x64.Build.0 = Debug|Any CPU
		{0BC7C2DA-FCAF-4CE4-9061-2D5F7A63A75A}.Debug|x86.ActiveCfg = Debug|Any CPU
		{0BC7C2DA-FCAF-4CE4-9061-2D5F7A63A75A}.Debug|x86.Build.0 = Debug|Any CPU
		{0BC7C2DA-FCAF-4CE4-9061-2D5F7A63A75A}.Firmware|Any CPU.ActiveCfg = Firmware|Any CPU
		{0BC7C2DA-FCAF-4CE4-9061-2D5F7A63A75A}.Firmware|Any CPU.Build.0 = Firmware|Any CPU
		{0BC7C2DA-FCAF-4CE4-9061-2D5F7A63A75A}.Firmware|x64.ActiveCfg = Firmware|Any CPU
		{0BC7C2DA-FCAF-4CE4-9061-2D5F7A63A75A}.Firmware|x64.Build.0 = Firmware|Any CPU
		{0BC7C2DA-FCAF-4CE4-9061-2D5F7A63A75A}.Firmware|x86.ActiveCfg = Firmware|Any CPU
		{0BC7C2DA-FCAF-4CE4-9061-2D5F7A63A75A}.Release|Any CPU.ActiveCfg = Release|Any CPU
		{0BC7C2DA-FCAF-4CE4-9061-2D5F7A63A75A}.Release|Any CPU.Build.0 = Release|Any CPU
		{0BC7C2DA-FCAF-4CE4-9061-2D5F7A63A75A}.Release|x64.ActiveCfg = Release|Any CPU
		{0BC7C2DA-FCAF-4CE4-9061-2D5F7A63A75A}.Release|x64.Build.0 = Release|Any CPU
		{0BC7C2DA-FCAF-4CE4-9061-2D5F7A63A75A}.Release|x86.ActiveCfg = Release|Any CPU
		{0BC7C2DA-FCAF-4CE4-9061-2D5F7A63A75A}.Release|x86.Build.0 = Release|Any CPU
		{7781E238-1B16-41E4-85CB-BD35748905D2}.Debug|Any CPU.ActiveCfg = Debug|Any CPU
		{7781E238-1B16-41E4-85CB-BD35748905D2}.Debug|Any CPU.Build.0 = Debug|Any CPU
		{7781E238-1B16-41E4-85CB-BD35748905D2}.Debug|x64.ActiveCfg = Debug|Any CPU
		{7781E238-1B16-41E4-85CB-BD35748905D2}.Debug|x64.Build.0 = Debug|Any CPU
		{7781E238-1B16-41E4-85CB-BD35748905D2}.Debug|x86.ActiveCfg = Debug|Any CPU
		{7781E238-1B16-41E4-85CB-BD35748905D2}.Debug|x86.Build.0 = Debug|Any CPU
		{7781E238-1B16-41E4-85CB-BD35748905D2}.Firmware|Any CPU.ActiveCfg = Firmware|Any CPU
		{7781E238-1B16-41E4-85CB-BD35748905D2}.Firmware|Any CPU.Build.0 = Firmware|Any CPU
		{7781E238-1B16-41E4-85CB-BD35748905D2}.Firmware|x64.ActiveCfg = Firmware|Any CPU
		{7781E238-1B16-41E4-85CB-BD35748905D2}.Firmware|x64.Build.0 = Firmware|Any CPU
		{7781E238-1B16-41E4-85CB-BD35748905D2}.Firmware|x86.ActiveCfg = Firmware|Any CPU
		{7781E238-1B16-41E4-85CB-BD35748905D2}.Release|Any CPU.ActiveCfg = Release|Any CPU
		{7781E238-1B16-41E4-85CB-BD35748905D2}.Release|Any CPU.Build.0 = Release|Any CPU
		{7781E238-1B16-41E4-85CB-BD35748905D2}.Release|x64.ActiveCfg = Release|Any CPU
		{7781E238-1B16-41E4-85CB-BD35748905D2}.Release|x64.Build.0 = Release|Any CPU
		{7781E238-1B16-41E4-85CB-BD35748905D2}.Release|x86.ActiveCfg = Release|Any CPU
		{7781E238-1B16-41E4-85CB-BD35748905D2}.Release|x86.Build.0 = Release|Any CPU
		{AC03D1C3-F830-4831-9660-147EC9A7C196}.Debug|Any CPU.ActiveCfg = Debug|Any CPU
		{AC03D1C3-F830-4831-9660-147EC9A7C196}.Debug|Any CPU.Build.0 = Debug|Any CPU
		{AC03D1C3-F830-4831-9660-147EC9A7C196}.Debug|x64.ActiveCfg = Debug|Any CPU
		{AC03D1C3-F830-4831-9660-147EC9A7C196}.Debug|x64.Build.0 = Debug|Any CPU
		{AC03D1C3-F830-4831-9660-147EC9A7C196}.Debug|x86.ActiveCfg = Debug|Any CPU
		{AC03D1C3-F830-4831-9660-147EC9A7C196}.Debug|x86.Build.0 = Debug|Any CPU
		{AC03D1C3-F830-4831-9660-147EC9A7C196}.Firmware|Any CPU.ActiveCfg = Firmware|Any CPU
		{AC03D1C3-F830-4831-9660-147EC9A7C196}.Firmware|Any CPU.Build.0 = Firmware|Any CPU
		{AC03D1C3-F830-4831-9660-147EC9A7C196}.Firmware|x64.ActiveCfg = Firmware|Any CPU
		{AC03D1C3-F830-4831-9660-147EC9A7C196}.Firmware|x64.Build.0 = Firmware|Any CPU
		{AC03D1C3-F830-4831-9660-147EC9A7C196}.Firmware|x86.ActiveCfg = Firmware|Any CPU
		{AC03D1C3-F830-4831-9660-147EC9A7C196}.Release|Any CPU.ActiveCfg = Release|Any CPU
		{AC03D1C3-F830-4831-9660-147EC9A7C196}.Release|Any CPU.Build.0 = Release|Any CPU
		{AC03D1C3-F830-4831-9660-147EC9A7C196}.Release|x64.ActiveCfg = Release|Any CPU
		{AC03D1C3-F830-4831-9660-147EC9A7C196}.Release|x64.Build.0 = Release|Any CPU
		{AC03D1C3-F830-4831-9660-147EC9A7C196}.Release|x86.ActiveCfg = Release|Any CPU
		{AC03D1C3-F830-4831-9660-147EC9A7C196}.Release|x86.Build.0 = Release|Any CPU
		{9C64EEEC-1DFB-4512-837D-33150D62F148}.Debug|Any CPU.ActiveCfg = Debug|Any CPU
		{9C64EEEC-1DFB-4512-837D-33150D62F148}.Debug|Any CPU.Build.0 = Debug|Any CPU
		{9C64EEEC-1DFB-4512-837D-33150D62F148}.Debug|x64.ActiveCfg = Debug|Any CPU
		{9C64EEEC-1DFB-4512-837D-33150D62F148}.Debug|x64.Build.0 = Debug|Any CPU
		{9C64EEEC-1DFB-4512-837D-33150D62F148}.Debug|x86.ActiveCfg = Debug|Any CPU
		{9C64EEEC-1DFB-4512-837D-33150D62F148}.Debug|x86.Build.0 = Debug|Any CPU
		{9C64EEEC-1DFB-4512-837D-33150D62F148}.Firmware|Any CPU.ActiveCfg = Firmware|Any CPU
		{9C64EEEC-1DFB-4512-837D-33150D62F148}.Firmware|Any CPU.Build.0 = Firmware|Any CPU
		{9C64EEEC-1DFB-4512-837D-33150D62F148}.Firmware|x64.ActiveCfg = Firmware|Any CPU
		{9C64EEEC-1DFB-4512-837D-33150D62F148}.Firmware|x64.Build.0 = Firmware|Any CPU
		{9C64EEEC-1DFB-4512-837D-33150D62F148}.Firmware|x86.ActiveCfg = Firmware|Any CPU
		{9C64EEEC-1DFB-4512-837D-33150D62F148}.Release|Any CPU.ActiveCfg = Release|Any CPU
		{9C64EEEC-1DFB-4512-837D-33150D62F148}.Release|Any CPU.Build.0 = Release|Any CPU
		{9C64EEEC-1DFB-4512-837D-33150D62F148}.Release|x64.ActiveCfg = Release|Any CPU
		{9C64EEEC-1DFB-4512-837D-33150D62F148}.Release|x64.Build.0 = Release|Any CPU
		{9C64EEEC-1DFB-4512-837D-33150D62F148}.Release|x86.ActiveCfg = Release|Any CPU
		{9C64EEEC-1DFB-4512-837D-33150D62F148}.Release|x86.Build.0 = Release|Any CPU
		{9CBD8A7E-35F2-4C88-ABA8-498134EEA71E}.Debug|Any CPU.ActiveCfg = Debug|Any CPU
		{9CBD8A7E-35F2-4C88-ABA8-498134EEA71E}.Debug|Any CPU.Build.0 = Debug|Any CPU
		{9CBD8A7E-35F2-4C88-ABA8-498134EEA71E}.Debug|x64.ActiveCfg = Debug|Any CPU
		{9CBD8A7E-35F2-4C88-ABA8-498134EEA71E}.Debug|x64.Build.0 = Debug|Any CPU
		{9CBD8A7E-35F2-4C88-ABA8-498134EEA71E}.Debug|x86.ActiveCfg = Debug|Any CPU
		{9CBD8A7E-35F2-4C88-ABA8-498134EEA71E}.Debug|x86.Build.0 = Debug|Any CPU
		{9CBD8A7E-35F2-4C88-ABA8-498134EEA71E}.Firmware|Any CPU.ActiveCfg = Release|Any CPU
		{9CBD8A7E-35F2-4C88-ABA8-498134EEA71E}.Firmware|Any CPU.Build.0 = Release|Any CPU
		{9CBD8A7E-35F2-4C88-ABA8-498134EEA71E}.Firmware|x64.ActiveCfg = Release|Any CPU
		{9CBD8A7E-35F2-4C88-ABA8-498134EEA71E}.Firmware|x64.Build.0 = Release|Any CPU
		{9CBD8A7E-35F2-4C88-ABA8-498134EEA71E}.Firmware|x86.ActiveCfg = Release|Any CPU
		{9CBD8A7E-35F2-4C88-ABA8-498134EEA71E}.Firmware|x86.Build.0 = Release|Any CPU
		{9CBD8A7E-35F2-4C88-ABA8-498134EEA71E}.Release|Any CPU.ActiveCfg = Release|Any CPU
		{9CBD8A7E-35F2-4C88-ABA8-498134EEA71E}.Release|Any CPU.Build.0 = Release|Any CPU
		{9CBD8A7E-35F2-4C88-ABA8-498134EEA71E}.Release|x64.ActiveCfg = Release|Any CPU
		{9CBD8A7E-35F2-4C88-ABA8-498134EEA71E}.Release|x64.Build.0 = Release|Any CPU
		{9CBD8A7E-35F2-4C88-ABA8-498134EEA71E}.Release|x86.ActiveCfg = Release|Any CPU
		{9CBD8A7E-35F2-4C88-ABA8-498134EEA71E}.Release|x86.Build.0 = Release|Any CPU
	EndGlobalSection
	GlobalSection(SolutionProperties) = preSolution
		HideSolutionNode = FALSE
	EndGlobalSection
	GlobalSection(NestedProjects) = preSolution
		{D5B95797-BD1B-4388-8D94-F61497A414B5} = {4794DB5B-46A1-4855-847E-6DD107E5CC1F}
		{C5F80730-F44F-4478-BDAE-6634EFC2CA88} = {4794DB5B-46A1-4855-847E-6DD107E5CC1F}
		{F15C2ECA-5BA3-46FD-A5E3-997737FF1715} = {46E533CC-6929-4840-856E-ACD06A323131}
		{7781E238-1B16-41E4-85CB-BD35748905D2} = {4794DB5B-46A1-4855-847E-6DD107E5CC1F}
		{AC03D1C3-F830-4831-9660-147EC9A7C196} = {4794DB5B-46A1-4855-847E-6DD107E5CC1F}
		{9C64EEEC-1DFB-4512-837D-33150D62F148} = {9058D0C1-6FF1-4B4F-A0D8-A79363B02C3E}
		{9CBD8A7E-35F2-4C88-ABA8-498134EEA71E} = {46E533CC-6929-4840-856E-ACD06A323131}
	EndGlobalSection
	GlobalSection(ExtensibilityGlobals) = postSolution
		SolutionGuid = {A4921C01-A171-4006-B231-2AFA53AD66BE}
	EndGlobalSection
EndGlobal
